// !$*UTF8*$!
{
	archiveVersion = 1;
	classes = {
	};
	objectVersion = 50;
	objects = {

/* Begin PBXBuildFile section */
		28F06F790FD4540E06C7F0F1 /* Pods_UITests.framework in Frameworks */ = {isa = PBXBuildFile; fileRef = 467FBA055719461F72D3456E /* Pods_UITests.framework */; };
		4BAFF268215D4B0E003B0726 /* AppDelegate.swift in Sources */ = {isa = PBXBuildFile; fileRef = 4BAFF267215D4B0E003B0726 /* AppDelegate.swift */; };
		4BAFF26A215D4B0E003B0726 /* ViewController.swift in Sources */ = {isa = PBXBuildFile; fileRef = 4BAFF269215D4B0E003B0726 /* ViewController.swift */; };
		4BAFF26D215D4B0E003B0726 /* Main.storyboard in Resources */ = {isa = PBXBuildFile; fileRef = 4BAFF26B215D4B0E003B0726 /* Main.storyboard */; };
		4BAFF26F215D4B0F003B0726 /* Assets.xcassets in Resources */ = {isa = PBXBuildFile; fileRef = 4BAFF26E215D4B0F003B0726 /* Assets.xcassets */; };
		4BAFF272215D4B0F003B0726 /* LaunchScreen.storyboard in Resources */ = {isa = PBXBuildFile; fileRef = 4BAFF270215D4B0F003B0726 /* LaunchScreen.storyboard */; };
		4BAFF288215D4B0F003B0726 /* UITest.swift in Sources */ = {isa = PBXBuildFile; fileRef = 4BAFF287215D4B0F003B0726 /* UITest.swift */; };
		4BAFF29A215D893D003B0726 /* FirstSpec.swift in Sources */ = {isa = PBXBuildFile; fileRef = 4BAFF299215D893D003B0726 /* FirstSpec.swift */; };
		4BFFEF3F215D9B24006C3A3D /* SwiftOwl.framework in Frameworks */ = {isa = PBXBuildFile; fileRef = 4BFFEF36215D9B24006C3A3D /* SwiftOwl.framework */; };
		4BFFEF48215D9B24006C3A3D /* SwiftOwl.h in Headers */ = {isa = PBXBuildFile; fileRef = 4BFFEF38215D9B24006C3A3D /* SwiftOwl.h */; settings = {ATTRIBUTES = (Public, ); }; };
		4BFFEF4B215D9B24006C3A3D /* SwiftOwl.framework in Frameworks */ = {isa = PBXBuildFile; fileRef = 4BFFEF36215D9B24006C3A3D /* SwiftOwl.framework */; };
		4BFFEF4C215D9B24006C3A3D /* SwiftOwl.framework in Embed Frameworks */ = {isa = PBXBuildFile; fileRef = 4BFFEF36215D9B24006C3A3D /* SwiftOwl.framework */; settings = {ATTRIBUTES = (CodeSignOnCopy, RemoveHeadersOnCopy, ); }; };
		4BFFEF54215D9E92006C3A3D /* FirstSpec.swift in Sources */ = {isa = PBXBuildFile; fileRef = 4BAFF299215D893D003B0726 /* FirstSpec.swift */; };
		4BFFEF56215DA1B8006C3A3D /* Model.swift in Sources */ = {isa = PBXBuildFile; fileRef = 4BFFEF55215DA1B8006C3A3D /* Model.swift */; };
		4BFFEF58215DA1F0006C3A3D /* ModelSpec.swift in Sources */ = {isa = PBXBuildFile; fileRef = 4BFFEF57215DA1F0006C3A3D /* ModelSpec.swift */; };
		7340D0A9A5B3D4BD1FDC5C88 /* Pods_UnitSpecs.framework in Frameworks */ = {isa = PBXBuildFile; fileRef = 2CC3B9409992F90B667F559D /* Pods_UnitSpecs.framework */; };
		E327D23CA5CC03EA67C468FA /* Pods_AppSpecs.framework in Frameworks */ = {isa = PBXBuildFile; fileRef = C2941CAAEC89C40F5FAE4A9A /* Pods_AppSpecs.framework */; };
		ED9C9D20E56EF161AFD2AB85 /* Pods_SwiftOwl.framework in Frameworks */ = {isa = PBXBuildFile; fileRef = 2915E773AE12BE9D1F3236BF /* Pods_SwiftOwl.framework */; };
		F50D0C3EB404E30083F36438 /* Pods_BlueOwl.framework in Frameworks */ = {isa = PBXBuildFile; fileRef = E8634A66E5F410663749A599 /* Pods_BlueOwl.framework */; };
/* End PBXBuildFile section */

/* Begin PBXContainerItemProxy section */
		4BAFF279215D4B0F003B0726 /* PBXContainerItemProxy */ = {
			isa = PBXContainerItemProxy;
			containerPortal = 4BAFF25C215D4B0E003B0726 /* Project object */;
			proxyType = 1;
			remoteGlobalIDString = 4BAFF263215D4B0E003B0726;
			remoteInfo = BlueOwl;
		};
		4BAFF284215D4B0F003B0726 /* PBXContainerItemProxy */ = {
			isa = PBXContainerItemProxy;
			containerPortal = 4BAFF25C215D4B0E003B0726 /* Project object */;
			proxyType = 1;
			remoteGlobalIDString = 4BAFF263215D4B0E003B0726;
			remoteInfo = BlueOwl;
		};
		4BFFEF40215D9B24006C3A3D /* PBXContainerItemProxy */ = {
			isa = PBXContainerItemProxy;
			containerPortal = 4BAFF25C215D4B0E003B0726 /* Project object */;
			proxyType = 1;
			remoteGlobalIDString = 4BFFEF35215D9B24006C3A3D;
			remoteInfo = SwiftOwl;
		};
		4BFFEF42215D9B24006C3A3D /* PBXContainerItemProxy */ = {
			isa = PBXContainerItemProxy;
			containerPortal = 4BAFF25C215D4B0E003B0726 /* Project object */;
			proxyType = 1;
			remoteGlobalIDString = 4BAFF263215D4B0E003B0726;
			remoteInfo = BlueOwl;
		};
		4BFFEF49215D9B24006C3A3D /* PBXContainerItemProxy */ = {
			isa = PBXContainerItemProxy;
			containerPortal = 4BAFF25C215D4B0E003B0726 /* Project object */;
			proxyType = 1;
			remoteGlobalIDString = 4BFFEF35215D9B24006C3A3D;
			remoteInfo = SwiftOwl;
		};
/* End PBXContainerItemProxy section */

/* Begin PBXCopyFilesBuildPhase section */
		4BFFEF52215D9B24006C3A3D /* Embed Frameworks */ = {
			isa = PBXCopyFilesBuildPhase;
			buildActionMask = 2147483647;
			dstPath = "";
			dstSubfolderSpec = 10;
			files = (
				4BFFEF4C215D9B24006C3A3D /* SwiftOwl.framework in Embed Frameworks */,
			);
			name = "Embed Frameworks";
			runOnlyForDeploymentPostprocessing = 0;
		};
/* End PBXCopyFilesBuildPhase section */

/* Begin PBXFileReference section */
		2915E773AE12BE9D1F3236BF /* Pods_SwiftOwl.framework */ = {isa = PBXFileReference; explicitFileType = wrapper.framework; includeInIndex = 0; path = Pods_SwiftOwl.framework; sourceTree = BUILT_PRODUCTS_DIR; };
		2CC3B9409992F90B667F559D /* Pods_UnitSpecs.framework */ = {isa = PBXFileReference; explicitFileType = wrapper.framework; includeInIndex = 0; path = Pods_UnitSpecs.framework; sourceTree = BUILT_PRODUCTS_DIR; };
		2F27487C45E1EEBC612CA494 /* Pods-BlueOwl.release.xcconfig */ = {isa = PBXFileReference; includeInIndex = 1; lastKnownFileType = text.xcconfig; name = "Pods-BlueOwl.release.xcconfig"; path = "Pods/Target Support Files/Pods-BlueOwl/Pods-BlueOwl.release.xcconfig"; sourceTree = "<group>"; };
		35325C161050E1ED4488B904 /* Pods-UITests.release.xcconfig */ = {isa = PBXFileReference; includeInIndex = 1; lastKnownFileType = text.xcconfig; name = "Pods-UITests.release.xcconfig"; path = "Pods/Target Support Files/Pods-UITests/Pods-UITests.release.xcconfig"; sourceTree = "<group>"; };
		45C47D67A2E27E2B75865122 /* Pods-UITests.debug.xcconfig */ = {isa = PBXFileReference; includeInIndex = 1; lastKnownFileType = text.xcconfig; name = "Pods-UITests.debug.xcconfig"; path = "Pods/Target Support Files/Pods-UITests/Pods-UITests.debug.xcconfig"; sourceTree = "<group>"; };
		467FBA055719461F72D3456E /* Pods_UITests.framework */ = {isa = PBXFileReference; explicitFileType = wrapper.framework; includeInIndex = 0; path = Pods_UITests.framework; sourceTree = BUILT_PRODUCTS_DIR; };
		4BAFF264215D4B0E003B0726 /* BlueOwl.app */ = {isa = PBXFileReference; explicitFileType = wrapper.application; includeInIndex = 0; path = BlueOwl.app; sourceTree = BUILT_PRODUCTS_DIR; };
		4BAFF267215D4B0E003B0726 /* AppDelegate.swift */ = {isa = PBXFileReference; lastKnownFileType = sourcecode.swift; path = AppDelegate.swift; sourceTree = "<group>"; };
		4BAFF269215D4B0E003B0726 /* ViewController.swift */ = {isa = PBXFileReference; lastKnownFileType = sourcecode.swift; path = ViewController.swift; sourceTree = "<group>"; };
		4BAFF26C215D4B0E003B0726 /* Base */ = {isa = PBXFileReference; lastKnownFileType = file.storyboard; name = Base; path = Base.lproj/Main.storyboard; sourceTree = "<group>"; };
		4BAFF26E215D4B0F003B0726 /* Assets.xcassets */ = {isa = PBXFileReference; lastKnownFileType = folder.assetcatalog; path = Assets.xcassets; sourceTree = "<group>"; };
		4BAFF271215D4B0F003B0726 /* Base */ = {isa = PBXFileReference; lastKnownFileType = file.storyboard; name = Base; path = Base.lproj/LaunchScreen.storyboard; sourceTree = "<group>"; };
		4BAFF273215D4B0F003B0726 /* Info.plist */ = {isa = PBXFileReference; lastKnownFileType = text.plist.xml; path = Info.plist; sourceTree = "<group>"; };
		4BAFF278215D4B0F003B0726 /* AppSpecs.xctest */ = {isa = PBXFileReference; explicitFileType = wrapper.cfbundle; includeInIndex = 0; path = AppSpecs.xctest; sourceTree = BUILT_PRODUCTS_DIR; };
		4BAFF27E215D4B0F003B0726 /* Info.plist */ = {isa = PBXFileReference; lastKnownFileType = text.plist.xml; path = Info.plist; sourceTree = "<group>"; };
		4BAFF283215D4B0F003B0726 /* UITests.xctest */ = {isa = PBXFileReference; explicitFileType = wrapper.cfbundle; includeInIndex = 0; path = UITests.xctest; sourceTree = BUILT_PRODUCTS_DIR; };
		4BAFF287215D4B0F003B0726 /* UITest.swift */ = {isa = PBXFileReference; lastKnownFileType = sourcecode.swift; path = UITest.swift; sourceTree = "<group>"; };
		4BAFF289215D4B0F003B0726 /* Info.plist */ = {isa = PBXFileReference; lastKnownFileType = text.plist.xml; path = Info.plist; sourceTree = "<group>"; };
		4BAFF295215D8772003B0726 /* Podfile */ = {isa = PBXFileReference; explicitFileType = text.script.ruby; path = Podfile; sourceTree = "<group>"; xcLanguageSpecificationIdentifier = xcode.lang.ruby; };
		4BAFF296215D8772003B0726 /* Podfile.lock */ = {isa = PBXFileReference; lastKnownFileType = text; path = Podfile.lock; sourceTree = "<group>"; };
		4BAFF299215D893D003B0726 /* FirstSpec.swift */ = {isa = PBXFileReference; lastKnownFileType = sourcecode.swift; path = FirstSpec.swift; sourceTree = "<group>"; };
		4BFFEF36215D9B24006C3A3D /* SwiftOwl.framework */ = {isa = PBXFileReference; explicitFileType = wrapper.framework; includeInIndex = 0; path = SwiftOwl.framework; sourceTree = BUILT_PRODUCTS_DIR; };
		4BFFEF38215D9B24006C3A3D /* SwiftOwl.h */ = {isa = PBXFileReference; lastKnownFileType = sourcecode.c.h; path = SwiftOwl.h; sourceTree = "<group>"; };
		4BFFEF39215D9B24006C3A3D /* Info.plist */ = {isa = PBXFileReference; lastKnownFileType = text.plist.xml; path = Info.plist; sourceTree = "<group>"; };
		4BFFEF3E215D9B24006C3A3D /* UnitSpecs.xctest */ = {isa = PBXFileReference; explicitFileType = wrapper.cfbundle; includeInIndex = 0; path = UnitSpecs.xctest; sourceTree = BUILT_PRODUCTS_DIR; };
		4BFFEF47215D9B24006C3A3D /* Info.plist */ = {isa = PBXFileReference; lastKnownFileType = text.plist.xml; path = Info.plist; sourceTree = "<group>"; };
		4BFFEF55215DA1B8006C3A3D /* Model.swift */ = {isa = PBXFileReference; lastKnownFileType = sourcecode.swift; path = Model.swift; sourceTree = "<group>"; };
		4BFFEF57215DA1F0006C3A3D /* ModelSpec.swift */ = {isa = PBXFileReference; lastKnownFileType = sourcecode.swift; path = ModelSpec.swift; sourceTree = "<group>"; };
		4D2D132D30135038CD64EC2B /* Pods-BlueOwl.debug.xcconfig */ = {isa = PBXFileReference; includeInIndex = 1; lastKnownFileType = text.xcconfig; name = "Pods-BlueOwl.debug.xcconfig"; path = "Pods/Target Support Files/Pods-BlueOwl/Pods-BlueOwl.debug.xcconfig"; sourceTree = "<group>"; };
		7A3F677F6C5927937CB516D3 /* Pods-UnitSpecs.release.xcconfig */ = {isa = PBXFileReference; includeInIndex = 1; lastKnownFileType = text.xcconfig; name = "Pods-UnitSpecs.release.xcconfig"; path = "Pods/Target Support Files/Pods-UnitSpecs/Pods-UnitSpecs.release.xcconfig"; sourceTree = "<group>"; };
		9014032B51ABBEC3CD8BD06C /* Pods-AppSpecs.debug.xcconfig */ = {isa = PBXFileReference; includeInIndex = 1; lastKnownFileType = text.xcconfig; name = "Pods-AppSpecs.debug.xcconfig"; path = "Pods/Target Support Files/Pods-AppSpecs/Pods-AppSpecs.debug.xcconfig"; sourceTree = "<group>"; };
		A206C926978CBFD0DBE69863 /* Pods-SwiftOwl.release.xcconfig */ = {isa = PBXFileReference; includeInIndex = 1; lastKnownFileType = text.xcconfig; name = "Pods-SwiftOwl.release.xcconfig"; path = "Pods/Target Support Files/Pods-SwiftOwl/Pods-SwiftOwl.release.xcconfig"; sourceTree = "<group>"; };
		A3C7C97DF30604CED8E5DCCA /* Pods-SwiftOwl.debug.xcconfig */ = {isa = PBXFileReference; includeInIndex = 1; lastKnownFileType = text.xcconfig; name = "Pods-SwiftOwl.debug.xcconfig"; path = "Pods/Target Support Files/Pods-SwiftOwl/Pods-SwiftOwl.debug.xcconfig"; sourceTree = "<group>"; };
		A646CAEB8A5010F713D5E7E3 /* Pods-UnitSpecs.debug.xcconfig */ = {isa = PBXFileReference; includeInIndex = 1; lastKnownFileType = text.xcconfig; name = "Pods-UnitSpecs.debug.xcconfig"; path = "Pods/Target Support Files/Pods-UnitSpecs/Pods-UnitSpecs.debug.xcconfig"; sourceTree = "<group>"; };
		BA9A85BEC5EA91508269A65C /* Pods-AppSpecs.release.xcconfig */ = {isa = PBXFileReference; includeInIndex = 1; lastKnownFileType = text.xcconfig; name = "Pods-AppSpecs.release.xcconfig"; path = "Pods/Target Support Files/Pods-AppSpecs/Pods-AppSpecs.release.xcconfig"; sourceTree = "<group>"; };
		C2941CAAEC89C40F5FAE4A9A /* Pods_AppSpecs.framework */ = {isa = PBXFileReference; explicitFileType = wrapper.framework; includeInIndex = 0; path = Pods_AppSpecs.framework; sourceTree = BUILT_PRODUCTS_DIR; };
		E8634A66E5F410663749A599 /* Pods_BlueOwl.framework */ = {isa = PBXFileReference; explicitFileType = wrapper.framework; includeInIndex = 0; path = Pods_BlueOwl.framework; sourceTree = BUILT_PRODUCTS_DIR; };
/* End PBXFileReference section */

/* Begin PBXFrameworksBuildPhase section */
		4BAFF261215D4B0E003B0726 /* Frameworks */ = {
			isa = PBXFrameworksBuildPhase;
			buildActionMask = 2147483647;
			files = (
				F50D0C3EB404E30083F36438 /* Pods_BlueOwl.framework in Frameworks */,
				4BFFEF4B215D9B24006C3A3D /* SwiftOwl.framework in Frameworks */,
			);
			runOnlyForDeploymentPostprocessing = 0;
		};
		4BAFF275215D4B0F003B0726 /* Frameworks */ = {
			isa = PBXFrameworksBuildPhase;
			buildActionMask = 2147483647;
			files = (
				E327D23CA5CC03EA67C468FA /* Pods_AppSpecs.framework in Frameworks */,
			);
			runOnlyForDeploymentPostprocessing = 0;
		};
		4BAFF280215D4B0F003B0726 /* Frameworks */ = {
			isa = PBXFrameworksBuildPhase;
			buildActionMask = 2147483647;
			files = (
				28F06F790FD4540E06C7F0F1 /* Pods_UITests.framework in Frameworks */,
			);
			runOnlyForDeploymentPostprocessing = 0;
		};
		4BFFEF32215D9B24006C3A3D /* Frameworks */ = {
			isa = PBXFrameworksBuildPhase;
			buildActionMask = 2147483647;
			files = (
				ED9C9D20E56EF161AFD2AB85 /* Pods_SwiftOwl.framework in Frameworks */,
			);
			runOnlyForDeploymentPostprocessing = 0;
		};
		4BFFEF3B215D9B24006C3A3D /* Frameworks */ = {
			isa = PBXFrameworksBuildPhase;
			buildActionMask = 2147483647;
			files = (
				4BFFEF3F215D9B24006C3A3D /* SwiftOwl.framework in Frameworks */,
				7340D0A9A5B3D4BD1FDC5C88 /* Pods_UnitSpecs.framework in Frameworks */,
			);
			runOnlyForDeploymentPostprocessing = 0;
		};
/* End PBXFrameworksBuildPhase section */

/* Begin PBXGroup section */
		4BAFF25B215D4B0E003B0726 = {
			isa = PBXGroup;
			children = (
				4BAFF266215D4B0E003B0726 /* BlueOwl */,
				4BAFF27B215D4B0F003B0726 /* AppSpecs */,
				4BAFF286215D4B0F003B0726 /* UITests */,
				4BFFEF37215D9B24006C3A3D /* SwiftOwl */,
				4BFFEF44215D9B24006C3A3D /* UnitSpecs */,
				4BAFF265215D4B0E003B0726 /* Products */,
				EDB26BD055CFBDF043ACB4E1 /* Pods */,
				A154CDA8E2C00DF8F8A8AA34 /* Frameworks */,
				4BAFF298215D87D9003B0726 /* Supporting Files */,
			);
			sourceTree = "<group>";
		};
		4BAFF265215D4B0E003B0726 /* Products */ = {
			isa = PBXGroup;
			children = (
				4BAFF264215D4B0E003B0726 /* BlueOwl.app */,
				4BAFF278215D4B0F003B0726 /* AppSpecs.xctest */,
				4BAFF283215D4B0F003B0726 /* UITests.xctest */,
				4BFFEF36215D9B24006C3A3D /* SwiftOwl.framework */,
				4BFFEF3E215D9B24006C3A3D /* UnitSpecs.xctest */,
			);
			name = Products;
			sourceTree = "<group>";
		};
		4BAFF266215D4B0E003B0726 /* BlueOwl */ = {
			isa = PBXGroup;
			children = (
				4BAFF267215D4B0E003B0726 /* AppDelegate.swift */,
				4BAFF269215D4B0E003B0726 /* ViewController.swift */,
				4BAFF26B215D4B0E003B0726 /* Main.storyboard */,
				4BAFF26E215D4B0F003B0726 /* Assets.xcassets */,
				4BAFF270215D4B0F003B0726 /* LaunchScreen.storyboard */,
				4BAFF273215D4B0F003B0726 /* Info.plist */,
			);
			path = BlueOwl;
			sourceTree = "<group>";
		};
		4BAFF27B215D4B0F003B0726 /* AppSpecs */ = {
			isa = PBXGroup;
			children = (
				4BAFF27E215D4B0F003B0726 /* Info.plist */,
				4BAFF299215D893D003B0726 /* FirstSpec.swift */,
			);
			path = AppSpecs;
			sourceTree = "<group>";
		};
		4BAFF286215D4B0F003B0726 /* UITests */ = {
			isa = PBXGroup;
			children = (
				4BAFF287215D4B0F003B0726 /* UITest.swift */,
				4BAFF289215D4B0F003B0726 /* Info.plist */,
			);
			path = UITests;
			sourceTree = "<group>";
		};
		4BAFF298215D87D9003B0726 /* Supporting Files */ = {
			isa = PBXGroup;
			children = (
				4BAFF295215D8772003B0726 /* Podfile */,
				4BAFF296215D8772003B0726 /* Podfile.lock */,
			);
			name = "Supporting Files";
			sourceTree = "<group>";
		};
		4BFFEF37215D9B24006C3A3D /* SwiftOwl */ = {
			isa = PBXGroup;
			children = (
				4BFFEF38215D9B24006C3A3D /* SwiftOwl.h */,
				4BFFEF39215D9B24006C3A3D /* Info.plist */,
				4BFFEF55215DA1B8006C3A3D /* Model.swift */,
			);
			path = SwiftOwl;
			sourceTree = "<group>";
		};
		4BFFEF44215D9B24006C3A3D /* UnitSpecs */ = {
			isa = PBXGroup;
			children = (
				4BFFEF47215D9B24006C3A3D /* Info.plist */,
				4BFFEF57215DA1F0006C3A3D /* ModelSpec.swift */,
			);
			path = UnitSpecs;
			sourceTree = "<group>";
		};
		A154CDA8E2C00DF8F8A8AA34 /* Frameworks */ = {
			isa = PBXGroup;
			children = (
				E8634A66E5F410663749A599 /* Pods_BlueOwl.framework */,
				467FBA055719461F72D3456E /* Pods_UITests.framework */,
				C2941CAAEC89C40F5FAE4A9A /* Pods_AppSpecs.framework */,
				2915E773AE12BE9D1F3236BF /* Pods_SwiftOwl.framework */,
				2CC3B9409992F90B667F559D /* Pods_UnitSpecs.framework */,
			);
			name = Frameworks;
			sourceTree = "<group>";
		};
		EDB26BD055CFBDF043ACB4E1 /* Pods */ = {
			isa = PBXGroup;
			children = (
				4D2D132D30135038CD64EC2B /* Pods-BlueOwl.debug.xcconfig */,
				2F27487C45E1EEBC612CA494 /* Pods-BlueOwl.release.xcconfig */,
				45C47D67A2E27E2B75865122 /* Pods-UITests.debug.xcconfig */,
				35325C161050E1ED4488B904 /* Pods-UITests.release.xcconfig */,
				9014032B51ABBEC3CD8BD06C /* Pods-AppSpecs.debug.xcconfig */,
				BA9A85BEC5EA91508269A65C /* Pods-AppSpecs.release.xcconfig */,
				A3C7C97DF30604CED8E5DCCA /* Pods-SwiftOwl.debug.xcconfig */,
				A206C926978CBFD0DBE69863 /* Pods-SwiftOwl.release.xcconfig */,
				A646CAEB8A5010F713D5E7E3 /* Pods-UnitSpecs.debug.xcconfig */,
				7A3F677F6C5927937CB516D3 /* Pods-UnitSpecs.release.xcconfig */,
			);
			name = Pods;
			sourceTree = "<group>";
		};
/* End PBXGroup section */

/* Begin PBXHeadersBuildPhase section */
		4BFFEF33215D9B24006C3A3D /* Headers */ = {
			isa = PBXHeadersBuildPhase;
			buildActionMask = 2147483647;
			files = (
				4BFFEF48215D9B24006C3A3D /* SwiftOwl.h in Headers */,
			);
			runOnlyForDeploymentPostprocessing = 0;
		};
/* End PBXHeadersBuildPhase section */

/* Begin PBXNativeTarget section */
		4BAFF263215D4B0E003B0726 /* BlueOwl */ = {
			isa = PBXNativeTarget;
			buildConfigurationList = 4BAFF28C215D4B0F003B0726 /* Build configuration list for PBXNativeTarget "BlueOwl" */;
			buildPhases = (
				D411DA125DC7BBCFFBBE7631 /* [CP] Check Pods Manifest.lock */,
				4BAFF260215D4B0E003B0726 /* Sources */,
				4BAFF261215D4B0E003B0726 /* Frameworks */,
				4BAFF262215D4B0E003B0726 /* Resources */,
				4BFFEF52215D9B24006C3A3D /* Embed Frameworks */,
			);
			buildRules = (
			);
			dependencies = (
				4BFFEF4A215D9B24006C3A3D /* PBXTargetDependency */,
			);
			name = BlueOwl;
			productName = BlueOwl;
			productReference = 4BAFF264215D4B0E003B0726 /* BlueOwl.app */;
			productType = "com.apple.product-type.application";
		};
		4BAFF277215D4B0F003B0726 /* AppSpecs */ = {
			isa = PBXNativeTarget;
			buildConfigurationList = 4BAFF28F215D4B0F003B0726 /* Build configuration list for PBXNativeTarget "AppSpecs" */;
			buildPhases = (
				858AD17414E9D7288804DC2C /* [CP] Check Pods Manifest.lock */,
				4BAFF274215D4B0F003B0726 /* Sources */,
				4BAFF275215D4B0F003B0726 /* Frameworks */,
				4BAFF276215D4B0F003B0726 /* Resources */,
				C215AB93114A44F92B885F52 /* [CP] Embed Pods Frameworks */,
			);
			buildRules = (
			);
			dependencies = (
				4BAFF27A215D4B0F003B0726 /* PBXTargetDependency */,
			);
			name = AppSpecs;
			productName = BlueOwlTests;
			productReference = 4BAFF278215D4B0F003B0726 /* AppSpecs.xctest */;
			productType = "com.apple.product-type.bundle.unit-test";
		};
		4BAFF282215D4B0F003B0726 /* UITests */ = {
			isa = PBXNativeTarget;
			buildConfigurationList = 4BAFF292215D4B0F003B0726 /* Build configuration list for PBXNativeTarget "UITests" */;
			buildPhases = (
				B0247BA42FC7E33EC6AAA8D4 /* [CP] Check Pods Manifest.lock */,
				4BAFF27F215D4B0F003B0726 /* Sources */,
				4BAFF280215D4B0F003B0726 /* Frameworks */,
				4BAFF281215D4B0F003B0726 /* Resources */,
				AFEAF402316C6D2C74CB664F /* [CP] Embed Pods Frameworks */,
			);
			buildRules = (
			);
			dependencies = (
				4BAFF285215D4B0F003B0726 /* PBXTargetDependency */,
			);
			name = UITests;
			productName = BlueOwlUITests;
			productReference = 4BAFF283215D4B0F003B0726 /* UITests.xctest */;
			productType = "com.apple.product-type.bundle.ui-testing";
		};
		4BFFEF35215D9B24006C3A3D /* SwiftOwl */ = {
			isa = PBXNativeTarget;
			buildConfigurationList = 4BFFEF51215D9B24006C3A3D /* Build configuration list for PBXNativeTarget "SwiftOwl" */;
			buildPhases = (
				ABF2821E572C20C0DBAB986E /* [CP] Check Pods Manifest.lock */,
				4BFFEF31215D9B24006C3A3D /* Sources */,
				4BFFEF32215D9B24006C3A3D /* Frameworks */,
				4BFFEF33215D9B24006C3A3D /* Headers */,
				4BFFEF34215D9B24006C3A3D /* Resources */,
			);
			buildRules = (
			);
			dependencies = (
			);
			name = SwiftOwl;
			productName = SwiftOwl;
			productReference = 4BFFEF36215D9B24006C3A3D /* SwiftOwl.framework */;
			productType = "com.apple.product-type.framework";
		};
		4BFFEF3D215D9B24006C3A3D /* UnitSpecs */ = {
			isa = PBXNativeTarget;
			buildConfigurationList = 4BFFEF53215D9B24006C3A3D /* Build configuration list for PBXNativeTarget "UnitSpecs" */;
			buildPhases = (
				EACEC67B3FBD2AACAB0198D4 /* [CP] Check Pods Manifest.lock */,
				4BFFEF3A215D9B24006C3A3D /* Sources */,
				4BFFEF3B215D9B24006C3A3D /* Frameworks */,
				4BFFEF3C215D9B24006C3A3D /* Resources */,
				3F2926C6D0418360BFC04104 /* [CP] Embed Pods Frameworks */,
			);
			buildRules = (
			);
			dependencies = (
				4BFFEF41215D9B24006C3A3D /* PBXTargetDependency */,
				4BFFEF43215D9B24006C3A3D /* PBXTargetDependency */,
			);
			name = UnitSpecs;
			productName = SwiftOwlTests;
			productReference = 4BFFEF3E215D9B24006C3A3D /* UnitSpecs.xctest */;
			productType = "com.apple.product-type.bundle.unit-test";
		};
/* End PBXNativeTarget section */

/* Begin PBXProject section */
		4BAFF25C215D4B0E003B0726 /* Project object */ = {
			isa = PBXProject;
			attributes = {
				LastSwiftUpdateCheck = 0940;
				LastUpgradeCheck = 1000;
				ORGANIZATIONNAME = "Paul Zabelin";
				TargetAttributes = {
					4BAFF263215D4B0E003B0726 = {
						CreatedOnToolsVersion = 10.0;
					};
					4BAFF277215D4B0F003B0726 = {
						CreatedOnToolsVersion = 10.0;
						LastSwiftMigration = 1000;
						TestTargetID = 4BAFF263215D4B0E003B0726;
					};
					4BAFF282215D4B0F003B0726 = {
						CreatedOnToolsVersion = 10.0;
						TestTargetID = 4BAFF263215D4B0E003B0726;
					};
					4BFFEF35215D9B24006C3A3D = {
						CreatedOnToolsVersion = 9.4.1;
						LastSwiftMigration = 0940;
					};
					4BFFEF3D215D9B24006C3A3D = {
						CreatedOnToolsVersion = 9.4.1;
						TestTargetID = 4BAFF263215D4B0E003B0726;
					};
				};
			};
			buildConfigurationList = 4BAFF25F215D4B0E003B0726 /* Build configuration list for PBXProject "BlueOwl" */;
			compatibilityVersion = "Xcode 9.3";
			developmentRegion = en;
			hasScannedForEncodings = 0;
			knownRegions = (
				en,
				Base,
			);
			mainGroup = 4BAFF25B215D4B0E003B0726;
			productRefGroup = 4BAFF265215D4B0E003B0726 /* Products */;
			projectDirPath = "";
			projectRoot = "";
			targets = (
				4BAFF263215D4B0E003B0726 /* BlueOwl */,
				4BAFF277215D4B0F003B0726 /* AppSpecs */,
				4BAFF282215D4B0F003B0726 /* UITests */,
				4BFFEF35215D9B24006C3A3D /* SwiftOwl */,
				4BFFEF3D215D9B24006C3A3D /* UnitSpecs */,
			);
		};
/* End PBXProject section */

/* Begin PBXResourcesBuildPhase section */
		4BAFF262215D4B0E003B0726 /* Resources */ = {
			isa = PBXResourcesBuildPhase;
			buildActionMask = 2147483647;
			files = (
				4BAFF272215D4B0F003B0726 /* LaunchScreen.storyboard in Resources */,
				4BAFF26F215D4B0F003B0726 /* Assets.xcassets in Resources */,
				4BAFF26D215D4B0E003B0726 /* Main.storyboard in Resources */,
			);
			runOnlyForDeploymentPostprocessing = 0;
		};
		4BAFF276215D4B0F003B0726 /* Resources */ = {
			isa = PBXResourcesBuildPhase;
			buildActionMask = 2147483647;
			files = (
			);
			runOnlyForDeploymentPostprocessing = 0;
		};
		4BAFF281215D4B0F003B0726 /* Resources */ = {
			isa = PBXResourcesBuildPhase;
			buildActionMask = 2147483647;
			files = (
			);
			runOnlyForDeploymentPostprocessing = 0;
		};
		4BFFEF34215D9B24006C3A3D /* Resources */ = {
			isa = PBXResourcesBuildPhase;
			buildActionMask = 2147483647;
			files = (
			);
			runOnlyForDeploymentPostprocessing = 0;
		};
		4BFFEF3C215D9B24006C3A3D /* Resources */ = {
			isa = PBXResourcesBuildPhase;
			buildActionMask = 2147483647;
			files = (
			);
			runOnlyForDeploymentPostprocessing = 0;
		};
/* End PBXResourcesBuildPhase section */

/* Begin PBXShellScriptBuildPhase section */
		3F2926C6D0418360BFC04104 /* [CP] Embed Pods Frameworks */ = {
			isa = PBXShellScriptBuildPhase;
			buildActionMask = 2147483647;
			files = (
			);
			inputPaths = (
				"${SRCROOT}/Pods/Target Support Files/Pods-UnitSpecs/Pods-UnitSpecs-frameworks.sh",
				"${BUILT_PRODUCTS_DIR}/Nimble/Nimble.framework",
				"${BUILT_PRODUCTS_DIR}/Quick/Quick.framework",
			);
			name = "[CP] Embed Pods Frameworks";
			outputPaths = (
				"${TARGET_BUILD_DIR}/${FRAMEWORKS_FOLDER_PATH}/Nimble.framework",
				"${TARGET_BUILD_DIR}/${FRAMEWORKS_FOLDER_PATH}/Quick.framework",
			);
			runOnlyForDeploymentPostprocessing = 0;
			shellPath = /bin/sh;
			shellScript = "\"${SRCROOT}/Pods/Target Support Files/Pods-UnitSpecs/Pods-UnitSpecs-frameworks.sh\"\n";
			showEnvVarsInLog = 0;
		};
		858AD17414E9D7288804DC2C /* [CP] Check Pods Manifest.lock */ = {
			isa = PBXShellScriptBuildPhase;
			buildActionMask = 2147483647;
			files = (
			);
			inputPaths = (
				"${PODS_PODFILE_DIR_PATH}/Podfile.lock",
				"${PODS_ROOT}/Manifest.lock",
			);
			name = "[CP] Check Pods Manifest.lock";
			outputPaths = (
				"$(DERIVED_FILE_DIR)/Pods-AppSpecs-checkManifestLockResult.txt",
			);
			runOnlyForDeploymentPostprocessing = 0;
			shellPath = /bin/sh;
			shellScript = "diff \"${PODS_PODFILE_DIR_PATH}/Podfile.lock\" \"${PODS_ROOT}/Manifest.lock\" > /dev/null\nif [ $? != 0 ] ; then\n    # print error to STDERR\n    echo \"error: The sandbox is not in sync with the Podfile.lock. Run 'pod install' or update your CocoaPods installation.\" >&2\n    exit 1\nfi\n# This output is used by Xcode 'outputs' to avoid re-running this script phase.\necho \"SUCCESS\" > \"${SCRIPT_OUTPUT_FILE_0}\"\n";
			showEnvVarsInLog = 0;
		};
		ABF2821E572C20C0DBAB986E /* [CP] Check Pods Manifest.lock */ = {
			isa = PBXShellScriptBuildPhase;
			buildActionMask = 2147483647;
			files = (
			);
			inputPaths = (
				"${PODS_PODFILE_DIR_PATH}/Podfile.lock",
				"${PODS_ROOT}/Manifest.lock",
			);
			name = "[CP] Check Pods Manifest.lock";
			outputPaths = (
				"$(DERIVED_FILE_DIR)/Pods-SwiftOwl-checkManifestLockResult.txt",
			);
			runOnlyForDeploymentPostprocessing = 0;
			shellPath = /bin/sh;
			shellScript = "diff \"${PODS_PODFILE_DIR_PATH}/Podfile.lock\" \"${PODS_ROOT}/Manifest.lock\" > /dev/null\nif [ $? != 0 ] ; then\n    # print error to STDERR\n    echo \"error: The sandbox is not in sync with the Podfile.lock. Run 'pod install' or update your CocoaPods installation.\" >&2\n    exit 1\nfi\n# This output is used by Xcode 'outputs' to avoid re-running this script phase.\necho \"SUCCESS\" > \"${SCRIPT_OUTPUT_FILE_0}\"\n";
			showEnvVarsInLog = 0;
		};
		AFEAF402316C6D2C74CB664F /* [CP] Embed Pods Frameworks */ = {
			isa = PBXShellScriptBuildPhase;
			buildActionMask = 2147483647;
			files = (
			);
			inputPaths = (
				"${SRCROOT}/Pods/Target Support Files/Pods-UITests/Pods-UITests-frameworks.sh",
				"${BUILT_PRODUCTS_DIR}/Nimble/Nimble.framework",
				"${BUILT_PRODUCTS_DIR}/Quick/Quick.framework",
			);
			name = "[CP] Embed Pods Frameworks";
			outputPaths = (
				"${TARGET_BUILD_DIR}/${FRAMEWORKS_FOLDER_PATH}/Nimble.framework",
				"${TARGET_BUILD_DIR}/${FRAMEWORKS_FOLDER_PATH}/Quick.framework",
			);
			runOnlyForDeploymentPostprocessing = 0;
			shellPath = /bin/sh;
			shellScript = "\"${SRCROOT}/Pods/Target Support Files/Pods-UITests/Pods-UITests-frameworks.sh\"\n";
			showEnvVarsInLog = 0;
		};
		B0247BA42FC7E33EC6AAA8D4 /* [CP] Check Pods Manifest.lock */ = {
			isa = PBXShellScriptBuildPhase;
			buildActionMask = 2147483647;
			files = (
			);
			inputPaths = (
				"${PODS_PODFILE_DIR_PATH}/Podfile.lock",
				"${PODS_ROOT}/Manifest.lock",
			);
			name = "[CP] Check Pods Manifest.lock";
			outputPaths = (
				"$(DERIVED_FILE_DIR)/Pods-UITests-checkManifestLockResult.txt",
			);
			runOnlyForDeploymentPostprocessing = 0;
			shellPath = /bin/sh;
			shellScript = "diff \"${PODS_PODFILE_DIR_PATH}/Podfile.lock\" \"${PODS_ROOT}/Manifest.lock\" > /dev/null\nif [ $? != 0 ] ; then\n    # print error to STDERR\n    echo \"error: The sandbox is not in sync with the Podfile.lock. Run 'pod install' or update your CocoaPods installation.\" >&2\n    exit 1\nfi\n# This output is used by Xcode 'outputs' to avoid re-running this script phase.\necho \"SUCCESS\" > \"${SCRIPT_OUTPUT_FILE_0}\"\n";
			showEnvVarsInLog = 0;
		};
		C215AB93114A44F92B885F52 /* [CP] Embed Pods Frameworks */ = {
			isa = PBXShellScriptBuildPhase;
			buildActionMask = 2147483647;
			files = (
			);
			inputPaths = (
				"${SRCROOT}/Pods/Target Support Files/Pods-AppSpecs/Pods-AppSpecs-frameworks.sh",
				"${BUILT_PRODUCTS_DIR}/Nimble/Nimble.framework",
				"${BUILT_PRODUCTS_DIR}/Quick/Quick.framework",
			);
			name = "[CP] Embed Pods Frameworks";
			outputPaths = (
				"${TARGET_BUILD_DIR}/${FRAMEWORKS_FOLDER_PATH}/Nimble.framework",
				"${TARGET_BUILD_DIR}/${FRAMEWORKS_FOLDER_PATH}/Quick.framework",
			);
			runOnlyForDeploymentPostprocessing = 0;
			shellPath = /bin/sh;
			shellScript = "\"${SRCROOT}/Pods/Target Support Files/Pods-AppSpecs/Pods-AppSpecs-frameworks.sh\"\n";
			showEnvVarsInLog = 0;
		};
		D411DA125DC7BBCFFBBE7631 /* [CP] Check Pods Manifest.lock */ = {
			isa = PBXShellScriptBuildPhase;
			buildActionMask = 2147483647;
			files = (
			);
			inputPaths = (
				"${PODS_PODFILE_DIR_PATH}/Podfile.lock",
				"${PODS_ROOT}/Manifest.lock",
			);
			name = "[CP] Check Pods Manifest.lock";
			outputPaths = (
				"$(DERIVED_FILE_DIR)/Pods-BlueOwl-checkManifestLockResult.txt",
			);
			runOnlyForDeploymentPostprocessing = 0;
			shellPath = /bin/sh;
			shellScript = "diff \"${PODS_PODFILE_DIR_PATH}/Podfile.lock\" \"${PODS_ROOT}/Manifest.lock\" > /dev/null\nif [ $? != 0 ] ; then\n    # print error to STDERR\n    echo \"error: The sandbox is not in sync with the Podfile.lock. Run 'pod install' or update your CocoaPods installation.\" >&2\n    exit 1\nfi\n# This output is used by Xcode 'outputs' to avoid re-running this script phase.\necho \"SUCCESS\" > \"${SCRIPT_OUTPUT_FILE_0}\"\n";
			showEnvVarsInLog = 0;
		};
		EACEC67B3FBD2AACAB0198D4 /* [CP] Check Pods Manifest.lock */ = {
			isa = PBXShellScriptBuildPhase;
			buildActionMask = 2147483647;
			files = (
			);
			inputPaths = (
				"${PODS_PODFILE_DIR_PATH}/Podfile.lock",
				"${PODS_ROOT}/Manifest.lock",
			);
			name = "[CP] Check Pods Manifest.lock";
			outputPaths = (
				"$(DERIVED_FILE_DIR)/Pods-UnitSpecs-checkManifestLockResult.txt",
			);
			runOnlyForDeploymentPostprocessing = 0;
			shellPath = /bin/sh;
			shellScript = "diff \"${PODS_PODFILE_DIR_PATH}/Podfile.lock\" \"${PODS_ROOT}/Manifest.lock\" > /dev/null\nif [ $? != 0 ] ; then\n    # print error to STDERR\n    echo \"error: The sandbox is not in sync with the Podfile.lock. Run 'pod install' or update your CocoaPods installation.\" >&2\n    exit 1\nfi\n# This output is used by Xcode 'outputs' to avoid re-running this script phase.\necho \"SUCCESS\" > \"${SCRIPT_OUTPUT_FILE_0}\"\n";
			showEnvVarsInLog = 0;
		};
/* End PBXShellScriptBuildPhase section */

/* Begin PBXSourcesBuildPhase section */
		4BAFF260215D4B0E003B0726 /* Sources */ = {
			isa = PBXSourcesBuildPhase;
			buildActionMask = 2147483647;
			files = (
				4BAFF26A215D4B0E003B0726 /* ViewController.swift in Sources */,
				4BAFF268215D4B0E003B0726 /* AppDelegate.swift in Sources */,
			);
			runOnlyForDeploymentPostprocessing = 0;
		};
		4BAFF274215D4B0F003B0726 /* Sources */ = {
			isa = PBXSourcesBuildPhase;
			buildActionMask = 2147483647;
			files = (
				4BAFF29A215D893D003B0726 /* FirstSpec.swift in Sources */,
			);
			runOnlyForDeploymentPostprocessing = 0;
		};
		4BAFF27F215D4B0F003B0726 /* Sources */ = {
			isa = PBXSourcesBuildPhase;
			buildActionMask = 2147483647;
			files = (
				4BAFF288215D4B0F003B0726 /* UITest.swift in Sources */,
			);
			runOnlyForDeploymentPostprocessing = 0;
		};
		4BFFEF31215D9B24006C3A3D /* Sources */ = {
			isa = PBXSourcesBuildPhase;
			buildActionMask = 2147483647;
			files = (
				4BFFEF56215DA1B8006C3A3D /* Model.swift in Sources */,
			);
			runOnlyForDeploymentPostprocessing = 0;
		};
		4BFFEF3A215D9B24006C3A3D /* Sources */ = {
			isa = PBXSourcesBuildPhase;
			buildActionMask = 2147483647;
			files = (
				4BFFEF58215DA1F0006C3A3D /* ModelSpec.swift in Sources */,
				4BFFEF54215D9E92006C3A3D /* FirstSpec.swift in Sources */,
			);
			runOnlyForDeploymentPostprocessing = 0;
		};
/* End PBXSourcesBuildPhase section */

/* Begin PBXTargetDependency section */
		4BAFF27A215D4B0F003B0726 /* PBXTargetDependency */ = {
			isa = PBXTargetDependency;
			target = 4BAFF263215D4B0E003B0726 /* BlueOwl */;
			targetProxy = 4BAFF279215D4B0F003B0726 /* PBXContainerItemProxy */;
		};
		4BAFF285215D4B0F003B0726 /* PBXTargetDependency */ = {
			isa = PBXTargetDependency;
			target = 4BAFF263215D4B0E003B0726 /* BlueOwl */;
			targetProxy = 4BAFF284215D4B0F003B0726 /* PBXContainerItemProxy */;
		};
		4BFFEF41215D9B24006C3A3D /* PBXTargetDependency */ = {
			isa = PBXTargetDependency;
			target = 4BFFEF35215D9B24006C3A3D /* SwiftOwl */;
			targetProxy = 4BFFEF40215D9B24006C3A3D /* PBXContainerItemProxy */;
		};
		4BFFEF43215D9B24006C3A3D /* PBXTargetDependency */ = {
			isa = PBXTargetDependency;
			target = 4BAFF263215D4B0E003B0726 /* BlueOwl */;
			targetProxy = 4BFFEF42215D9B24006C3A3D /* PBXContainerItemProxy */;
		};
		4BFFEF4A215D9B24006C3A3D /* PBXTargetDependency */ = {
			isa = PBXTargetDependency;
			target = 4BFFEF35215D9B24006C3A3D /* SwiftOwl */;
			targetProxy = 4BFFEF49215D9B24006C3A3D /* PBXContainerItemProxy */;
		};
/* End PBXTargetDependency section */

/* Begin PBXVariantGroup section */
		4BAFF26B215D4B0E003B0726 /* Main.storyboard */ = {
			isa = PBXVariantGroup;
			children = (
				4BAFF26C215D4B0E003B0726 /* Base */,
			);
			name = Main.storyboard;
			sourceTree = "<group>";
		};
		4BAFF270215D4B0F003B0726 /* LaunchScreen.storyboard */ = {
			isa = PBXVariantGroup;
			children = (
				4BAFF271215D4B0F003B0726 /* Base */,
			);
			name = LaunchScreen.storyboard;
			sourceTree = "<group>";
		};
/* End PBXVariantGroup section */

/* Begin XCBuildConfiguration section */
		4BAFF28A215D4B0F003B0726 /* Debug */ = {
			isa = XCBuildConfiguration;
			buildSettings = {
				ALWAYS_SEARCH_USER_PATHS = NO;
				CLANG_ANALYZER_NONNULL = YES;
				CLANG_ANALYZER_NUMBER_OBJECT_CONVERSION = YES_AGGRESSIVE;
				CLANG_CXX_LANGUAGE_STANDARD = "gnu++14";
				CLANG_CXX_LIBRARY = "libc++";
				CLANG_ENABLE_MODULES = YES;
				CLANG_ENABLE_OBJC_ARC = YES;
				CLANG_ENABLE_OBJC_WEAK = YES;
				CLANG_WARN_BLOCK_CAPTURE_AUTORELEASING = YES;
				CLANG_WARN_BOOL_CONVERSION = YES;
				CLANG_WARN_COMMA = YES;
				CLANG_WARN_CONSTANT_CONVERSION = YES;
				CLANG_WARN_DEPRECATED_OBJC_IMPLEMENTATIONS = YES;
				CLANG_WARN_DIRECT_OBJC_ISA_USAGE = YES_ERROR;
				CLANG_WARN_DOCUMENTATION_COMMENTS = YES;
				CLANG_WARN_EMPTY_BODY = YES;
				CLANG_WARN_ENUM_CONVERSION = YES;
				CLANG_WARN_INFINITE_RECURSION = YES;
				CLANG_WARN_INT_CONVERSION = YES;
				CLANG_WARN_NON_LITERAL_NULL_CONVERSION = YES;
				CLANG_WARN_OBJC_IMPLICIT_RETAIN_SELF = YES;
				CLANG_WARN_OBJC_LITERAL_CONVERSION = YES;
				CLANG_WARN_OBJC_ROOT_CLASS = YES_ERROR;
				CLANG_WARN_RANGE_LOOP_ANALYSIS = YES;
				CLANG_WARN_STRICT_PROTOTYPES = YES;
				CLANG_WARN_SUSPICIOUS_MOVE = YES;
				CLANG_WARN_UNGUARDED_AVAILABILITY = YES_AGGRESSIVE;
				CLANG_WARN_UNREACHABLE_CODE = YES;
				CLANG_WARN__DUPLICATE_METHOD_MATCH = YES;
				CODE_SIGN_IDENTITY = "iPhone Developer";
				COPY_PHASE_STRIP = NO;
				DEBUG_INFORMATION_FORMAT = dwarf;
				ENABLE_STRICT_OBJC_MSGSEND = YES;
				ENABLE_TESTABILITY = YES;
				GCC_C_LANGUAGE_STANDARD = gnu11;
				GCC_DYNAMIC_NO_PIC = NO;
				GCC_NO_COMMON_BLOCKS = YES;
				GCC_OPTIMIZATION_LEVEL = 0;
				GCC_PREPROCESSOR_DEFINITIONS = (
					"DEBUG=1",
					"$(inherited)",
				);
				GCC_WARN_64_TO_32_BIT_CONVERSION = YES;
				GCC_WARN_ABOUT_RETURN_TYPE = YES_ERROR;
				GCC_WARN_UNDECLARED_SELECTOR = YES;
				GCC_WARN_UNINITIALIZED_AUTOS = YES_AGGRESSIVE;
				GCC_WARN_UNUSED_FUNCTION = YES;
				GCC_WARN_UNUSED_VARIABLE = YES;
				MTL_ENABLE_DEBUG_INFO = INCLUDE_SOURCE;
				MTL_FAST_MATH = YES;
				ONLY_ACTIVE_ARCH = YES;
				SDKROOT = iphoneos;
				SWIFT_ACTIVE_COMPILATION_CONDITIONS = DEBUG;
				SWIFT_OPTIMIZATION_LEVEL = "-Onone";
				SWIFT_VERSION = 4.0;
			};
			name = Debug;
		};
		4BAFF28B215D4B0F003B0726 /* Release */ = {
			isa = XCBuildConfiguration;
			buildSettings = {
				ALWAYS_SEARCH_USER_PATHS = NO;
				CLANG_ANALYZER_NONNULL = YES;
				CLANG_ANALYZER_NUMBER_OBJECT_CONVERSION = YES_AGGRESSIVE;
				CLANG_CXX_LANGUAGE_STANDARD = "gnu++14";
				CLANG_CXX_LIBRARY = "libc++";
				CLANG_ENABLE_MODULES = YES;
				CLANG_ENABLE_OBJC_ARC = YES;
				CLANG_ENABLE_OBJC_WEAK = YES;
				CLANG_WARN_BLOCK_CAPTURE_AUTORELEASING = YES;
				CLANG_WARN_BOOL_CONVERSION = YES;
				CLANG_WARN_COMMA = YES;
				CLANG_WARN_CONSTANT_CONVERSION = YES;
				CLANG_WARN_DEPRECATED_OBJC_IMPLEMENTATIONS = YES;
				CLANG_WARN_DIRECT_OBJC_ISA_USAGE = YES_ERROR;
				CLANG_WARN_DOCUMENTATION_COMMENTS = YES;
				CLANG_WARN_EMPTY_BODY = YES;
				CLANG_WARN_ENUM_CONVERSION = YES;
				CLANG_WARN_INFINITE_RECURSION = YES;
				CLANG_WARN_INT_CONVERSION = YES;
				CLANG_WARN_NON_LITERAL_NULL_CONVERSION = YES;
				CLANG_WARN_OBJC_IMPLICIT_RETAIN_SELF = YES;
				CLANG_WARN_OBJC_LITERAL_CONVERSION = YES;
				CLANG_WARN_OBJC_ROOT_CLASS = YES_ERROR;
				CLANG_WARN_RANGE_LOOP_ANALYSIS = YES;
				CLANG_WARN_STRICT_PROTOTYPES = YES;
				CLANG_WARN_SUSPICIOUS_MOVE = YES;
				CLANG_WARN_UNGUARDED_AVAILABILITY = YES_AGGRESSIVE;
				CLANG_WARN_UNREACHABLE_CODE = YES;
				CLANG_WARN__DUPLICATE_METHOD_MATCH = YES;
				CODE_SIGN_IDENTITY = "iPhone Developer";
				COPY_PHASE_STRIP = NO;
				DEBUG_INFORMATION_FORMAT = "dwarf-with-dsym";
				ENABLE_NS_ASSERTIONS = NO;
				ENABLE_STRICT_OBJC_MSGSEND = YES;
				GCC_C_LANGUAGE_STANDARD = gnu11;
				GCC_NO_COMMON_BLOCKS = YES;
				GCC_WARN_64_TO_32_BIT_CONVERSION = YES;
				GCC_WARN_ABOUT_RETURN_TYPE = YES_ERROR;
				GCC_WARN_UNDECLARED_SELECTOR = YES;
				GCC_WARN_UNINITIALIZED_AUTOS = YES_AGGRESSIVE;
				GCC_WARN_UNUSED_FUNCTION = YES;
				GCC_WARN_UNUSED_VARIABLE = YES;
				MTL_ENABLE_DEBUG_INFO = NO;
				MTL_FAST_MATH = YES;
				SDKROOT = iphoneos;
				SWIFT_COMPILATION_MODE = wholemodule;
				SWIFT_OPTIMIZATION_LEVEL = "-O";
				SWIFT_VERSION = 4.0;
				VALIDATE_PRODUCT = YES;
			};
			name = Release;
		};
		4BAFF28D215D4B0F003B0726 /* Debug */ = {
			isa = XCBuildConfiguration;
			baseConfigurationReference = 4D2D132D30135038CD64EC2B /* Pods-BlueOwl.debug.xcconfig */;
			buildSettings = {
				ALWAYS_EMBED_SWIFT_STANDARD_LIBRARIES = YES;
				ASSETCATALOG_COMPILER_APPICON_NAME = AppIcon;
				CODE_SIGN_STYLE = Automatic;
				INFOPLIST_FILE = BlueOwl/Info.plist;
				LD_RUNPATH_SEARCH_PATHS = (
					"$(inherited)",
					"@executable_path/Frameworks",
				);
				PRODUCT_BUNDLE_IDENTIFIER = xyz.blueOwl.BlueOwl;
				PRODUCT_NAME = "$(TARGET_NAME)";
				TARGETED_DEVICE_FAMILY = "1,2";
			};
			name = Debug;
		};
		4BAFF28E215D4B0F003B0726 /* Release */ = {
			isa = XCBuildConfiguration;
			baseConfigurationReference = 2F27487C45E1EEBC612CA494 /* Pods-BlueOwl.release.xcconfig */;
			buildSettings = {
				ALWAYS_EMBED_SWIFT_STANDARD_LIBRARIES = YES;
				ASSETCATALOG_COMPILER_APPICON_NAME = AppIcon;
				CODE_SIGN_STYLE = Automatic;
				INFOPLIST_FILE = BlueOwl/Info.plist;
				LD_RUNPATH_SEARCH_PATHS = (
					"$(inherited)",
					"@executable_path/Frameworks",
				);
				PRODUCT_BUNDLE_IDENTIFIER = xyz.blueOwl.BlueOwl;
				PRODUCT_NAME = "$(TARGET_NAME)";
				TARGETED_DEVICE_FAMILY = "1,2";
			};
			name = Release;
		};
		4BAFF290215D4B0F003B0726 /* Debug */ = {
			isa = XCBuildConfiguration;
			baseConfigurationReference = 9014032B51ABBEC3CD8BD06C /* Pods-AppSpecs.debug.xcconfig */;
			buildSettings = {
				BUNDLE_LOADER = "$(TEST_HOST)";
				CLANG_ENABLE_MODULES = YES;
				CODE_SIGN_STYLE = Automatic;
				INFOPLIST_FILE = AppSpecs/Info.plist;
				LD_RUNPATH_SEARCH_PATHS = (
					"$(inherited)",
					"@executable_path/Frameworks",
					"@loader_path/Frameworks",
				);
				PRODUCT_BUNDLE_IDENTIFIER = xyz.blueOwl.BlueOwlTests;
				PRODUCT_NAME = "$(TARGET_NAME)";
				TARGETED_DEVICE_FAMILY = "1,2";
				TEST_HOST = "$(BUILT_PRODUCTS_DIR)/BlueOwl.app/BlueOwl";
			};
			name = Debug;
		};
		4BAFF291215D4B0F003B0726 /* Release */ = {
			isa = XCBuildConfiguration;
			baseConfigurationReference = BA9A85BEC5EA91508269A65C /* Pods-AppSpecs.release.xcconfig */;
			buildSettings = {
				BUNDLE_LOADER = "$(TEST_HOST)";
				CLANG_ENABLE_MODULES = YES;
				CODE_SIGN_STYLE = Automatic;
				INFOPLIST_FILE = AppSpecs/Info.plist;
				LD_RUNPATH_SEARCH_PATHS = (
					"$(inherited)",
					"@executable_path/Frameworks",
					"@loader_path/Frameworks",
				);
				PRODUCT_BUNDLE_IDENTIFIER = xyz.blueOwl.BlueOwlTests;
				PRODUCT_NAME = "$(TARGET_NAME)";
				TARGETED_DEVICE_FAMILY = "1,2";
				TEST_HOST = "$(BUILT_PRODUCTS_DIR)/BlueOwl.app/BlueOwl";
			};
			name = Release;
		};
		4BAFF293215D4B0F003B0726 /* Debug */ = {
			isa = XCBuildConfiguration;
			baseConfigurationReference = 45C47D67A2E27E2B75865122 /* Pods-UITests.debug.xcconfig */;
			buildSettings = {
				CODE_SIGN_STYLE = Automatic;
				INFOPLIST_FILE = UITests/Info.plist;
				LD_RUNPATH_SEARCH_PATHS = (
					"$(inherited)",
					"@executable_path/Frameworks",
					"@loader_path/Frameworks",
				);
				PRODUCT_BUNDLE_IDENTIFIER = xyz.blueOwl.BlueOwlUITests;
				PRODUCT_NAME = "$(TARGET_NAME)";
				TARGETED_DEVICE_FAMILY = "1,2";
				TEST_TARGET_NAME = BlueOwl;
			};
			name = Debug;
		};
		4BAFF294215D4B0F003B0726 /* Release */ = {
			isa = XCBuildConfiguration;
			baseConfigurationReference = 35325C161050E1ED4488B904 /* Pods-UITests.release.xcconfig */;
			buildSettings = {
				CODE_SIGN_STYLE = Automatic;
				INFOPLIST_FILE = UITests/Info.plist;
				LD_RUNPATH_SEARCH_PATHS = (
					"$(inherited)",
					"@executable_path/Frameworks",
					"@loader_path/Frameworks",
				);
				PRODUCT_BUNDLE_IDENTIFIER = xyz.blueOwl.BlueOwlUITests;
				PRODUCT_NAME = "$(TARGET_NAME)";
				TARGETED_DEVICE_FAMILY = "1,2";
				TEST_TARGET_NAME = BlueOwl;
			};
			name = Release;
		};
		4BFFEF4D215D9B24006C3A3D /* Debug */ = {
			isa = XCBuildConfiguration;
			baseConfigurationReference = A3C7C97DF30604CED8E5DCCA /* Pods-SwiftOwl.debug.xcconfig */;
			buildSettings = {
				CLANG_ENABLE_MODULES = YES;
				CODE_SIGN_IDENTITY = "";
				CODE_SIGN_STYLE = Automatic;
				CURRENT_PROJECT_VERSION = 1;
				DEFINES_MODULE = YES;
				DYLIB_COMPATIBILITY_VERSION = 1;
				DYLIB_CURRENT_VERSION = 1;
				DYLIB_INSTALL_NAME_BASE = "@rpath";
				INFOPLIST_FILE = SwiftOwl/Info.plist;
				INSTALL_PATH = "$(LOCAL_LIBRARY_DIR)/Frameworks";
				IPHONEOS_DEPLOYMENT_TARGET = 11.4;
				LD_RUNPATH_SEARCH_PATHS = (
					"$(inherited)",
					"@executable_path/Frameworks",
					"@loader_path/Frameworks",
				);
				MTL_ENABLE_DEBUG_INFO = YES;
				PRODUCT_BUNDLE_IDENTIFIER = xyz.blueOwl.SwiftOwl;
				PRODUCT_NAME = "$(TARGET_NAME:c99extidentifier)";
				SKIP_INSTALL = YES;
				SWIFT_OPTIMIZATION_LEVEL = "-Onone";
				SWIFT_VERSION = 3.0;
				TARGETED_DEVICE_FAMILY = "1,2";
				VERSIONING_SYSTEM = "apple-generic";
				VERSION_INFO_PREFIX = "";
			};
			name = Debug;
		};
		4BFFEF4E215D9B24006C3A3D /* Release */ = {
			isa = XCBuildConfiguration;
			baseConfigurationReference = A206C926978CBFD0DBE69863 /* Pods-SwiftOwl.release.xcconfig */;
			buildSettings = {
				CLANG_ENABLE_MODULES = YES;
				CODE_SIGN_IDENTITY = "";
				CODE_SIGN_STYLE = Automatic;
				CURRENT_PROJECT_VERSION = 1;
				DEFINES_MODULE = YES;
				DYLIB_COMPATIBILITY_VERSION = 1;
				DYLIB_CURRENT_VERSION = 1;
				DYLIB_INSTALL_NAME_BASE = "@rpath";
				INFOPLIST_FILE = SwiftOwl/Info.plist;
				INSTALL_PATH = "$(LOCAL_LIBRARY_DIR)/Frameworks";
				IPHONEOS_DEPLOYMENT_TARGET = 11.4;
				LD_RUNPATH_SEARCH_PATHS = (
					"$(inherited)",
					"@executable_path/Frameworks",
					"@loader_path/Frameworks",
				);
				PRODUCT_BUNDLE_IDENTIFIER = xyz.blueOwl.SwiftOwl;
				PRODUCT_NAME = "$(TARGET_NAME:c99extidentifier)";
				SKIP_INSTALL = YES;
				SWIFT_VERSION = 3.0;
				TARGETED_DEVICE_FAMILY = "1,2";
				VERSIONING_SYSTEM = "apple-generic";
				VERSION_INFO_PREFIX = "";
			};
			name = Release;
		};
		4BFFEF4F215D9B24006C3A3D /* Debug */ = {
			isa = XCBuildConfiguration;
			baseConfigurationReference = A646CAEB8A5010F713D5E7E3 /* Pods-UnitSpecs.debug.xcconfig */;
			buildSettings = {
				ALWAYS_EMBED_SWIFT_STANDARD_LIBRARIES = YES;
				CODE_SIGN_STYLE = Automatic;
				INFOPLIST_FILE = UnitSpecs/Info.plist;
				LD_RUNPATH_SEARCH_PATHS = (
					"$(inherited)",
					"@executable_path/Frameworks",
					"@loader_path/Frameworks",
				);
				MTL_ENABLE_DEBUG_INFO = YES;
				PRODUCT_BUNDLE_IDENTIFIER = xyz.blueOwl.SwiftOwlTests;
				PRODUCT_NAME = "$(TARGET_NAME)";
				TARGETED_DEVICE_FAMILY = "1,2";
				TEST_HOST = "$(BUILT_PRODUCTS_DIR)/BlueOwl.app/BlueOwl";
			};
			name = Debug;
		};
		4BFFEF50215D9B24006C3A3D /* Release */ = {
			isa = XCBuildConfiguration;
			baseConfigurationReference = 7A3F677F6C5927937CB516D3 /* Pods-UnitSpecs.release.xcconfig */;
			buildSettings = {
				ALWAYS_EMBED_SWIFT_STANDARD_LIBRARIES = YES;
				CODE_SIGN_STYLE = Automatic;
				INFOPLIST_FILE = UnitSpecs/Info.plist;
				LD_RUNPATH_SEARCH_PATHS = (
					"$(inherited)",
					"@executable_path/Frameworks",
					"@loader_path/Frameworks",
				);
				PRODUCT_BUNDLE_IDENTIFIER = xyz.blueOwl.SwiftOwlTests;
				PRODUCT_NAME = "$(TARGET_NAME)";
				TARGETED_DEVICE_FAMILY = "1,2";
				TEST_HOST = "$(BUILT_PRODUCTS_DIR)/BlueOwl.app/BlueOwl";
			};
			name = Release;
		};
/* End XCBuildConfiguration section */

/* Begin XCConfigurationList section */
		4BAFF25F215D4B0E003B0726 /* Build configuration list for PBXProject "BlueOwl" */ = {
			isa = XCConfigurationList;
			buildConfigurations = (
				4BAFF28A215D4B0F003B0726 /* Debug */,
				4BAFF28B215D4B0F003B0726 /* Release */,
			);
			defaultConfigurationIsVisible = 0;
			defaultConfigurationName = Release;
		};
		4BAFF28C215D4B0F003B0726 /* Build configuration list for PBXNativeTarget "BlueOwl" */ = {
			isa = XCConfigurationList;
			buildConfigurations = (
				4BAFF28D215D4B0F003B0726 /* Debug */,
				4BAFF28E215D4B0F003B0726 /* Release */,
			);
			defaultConfigurationIsVisible = 0;
			defaultConfigurationName = Release;
		};
		4BAFF28F215D4B0F003B0726 /* Build configuration list for PBXNativeTarget "AppSpecs" */ = {
			isa = XCConfigurationList;
			buildConfigurations = (
				4BAFF290215D4B0F003B0726 /* Debug */,
				4BAFF291215D4B0F003B0726 /* Release */,
			);
			defaultConfigurationIsVisible = 0;
			defaultConfigurationName = Release;
		};
		4BAFF292215D4B0F003B0726 /* Build configuration list for PBXNativeTarget "UITests" */ = {
			isa = XCConfigurationList;
			buildConfigurations = (
				4BAFF293215D4B0F003B0726 /* Debug */,
				4BAFF294215D4B0F003B0726 /* Release */,
			);
			defaultConfigurationIsVisible = 0;
			defaultConfigurationName = Release;
		};
		4BFFEF51215D9B24006C3A3D /* Build configuration list for PBXNativeTarget "SwiftOwl" */ = {
			isa = XCConfigurationList;
			buildConfigurations = (
				4BFFEF4D215D9B24006C3A3D /* Debug */,
				4BFFEF4E215D9B24006C3A3D /* Release */,
			);
			defaultConfigurationIsVisible = 0;
			defaultConfigurationName = Release;
		};
		4BFFEF53215D9B24006C3A3D /* Build configuration list for PBXNativeTarget "UnitSpecs" */ = {
			isa = XCConfigurationList;
			buildConfigurations = (
				4BFFEF4F215D9B24006C3A3D /* Debug */,
				4BFFEF50215D9B24006C3A3D /* Release */,
			);
			defaultConfigurationIsVisible = 0;
			defaultConfigurationName = Release;
		};
/* End XCConfigurationList section */
	};
	rootObject = 4BAFF25C215D4B0E003B0726 /* Project object */;
}
