<?xml version="1.0" encoding="UTF-8"?>
<Scheme
   LastUpgradeVersion = "1000"
   version = "1.7">
   <BuildAction
      parallelizeBuildables = "YES"
      buildImplicitDependencies = "YES">
      <BuildActionEntries>
         <BuildActionEntry
            buildForTesting = "YES"
            buildForRunning = "YES"
            buildForProfiling = "YES"
            buildForArchiving = "YES"
            buildForAnalyzing = "YES">
            <BuildableReference
               BuildableIdentifier = "primary"
               BlueprintIdentifier = "4BAFF263215D4B0E003B0726"
               BuildableName = "BlueOwl.app"
               BlueprintName = "BlueOwl"
               ReferencedContainer = "container:BlueOwl.xcodeproj">
            </BuildableReference>
         </BuildActionEntry>
      </BuildActionEntries>
   </BuildAction>
   <TestAction
      buildConfiguration = "Debug"
      selectedDebuggerIdentifier = "Xcode.DebuggerFoundation.Debugger.LLDB"
      selectedLauncherIdentifier = "Xcode.DebuggerFoundation.Launcher.LLDB"
      systemAttachmentLifetime = "keepAlways"
      userAttachmentLifetime = "keepAlways"
      codeCoverageEnabled = "YES"
      onlyGenerateCoverageForSpecifiedTargets = "YES"
      shouldUseLaunchSchemeArgsEnv = "YES">
      <CodeCoverageTargets>
         <BuildableReference
            BuildableIdentifier = "primary"
            BlueprintIdentifier = "4BAFF263215D4B0E003B0726"
            BuildableName = "BlueOwl.app"
            BlueprintName = "BlueOwl"
            ReferencedContainer = "container:BlueOwl.xcodeproj">
         </BuildableReference>
         <BuildableReference
            BuildableIdentifier = "primary"
            BlueprintIdentifier = "4BFFEF35215D9B24006C3A3D"
            BuildableName = "SwiftOwl.framework"
            BlueprintName = "SwiftOwl"
            ReferencedContainer = "container:BlueOwl.xcodeproj">
         </BuildableReference>
      </CodeCoverageTargets>
      <Testables>
         <TestableReference
            skipped = "NO">
            <BuildableReference
               BuildableIdentifier = "primary"
               BlueprintIdentifier = "4BFFEF3D215D9B24006C3A3D"
               BuildableName = "UnitSpecs.xctest"
               BlueprintName = "UnitSpecs"
               ReferencedContainer = "container:BlueOwl.xcodeproj">
            </BuildableReference>
            <DeviceAppData
               resolvedPath = "../BlueOwl/SampleData.xcappdata">
            </DeviceAppData>
         </TestableReference>
         <TestableReference
            skipped = "NO">
            <BuildableReference
               BuildableIdentifier = "primary"
               BlueprintIdentifier = "4BAFF277215D4B0F003B0726"
               BuildableName = "AppSpecs.xctest"
               BlueprintName = "AppSpecs"
               ReferencedContainer = "container:BlueOwl.xcodeproj">
            </BuildableReference>
            <DeviceAppData
               resolvedPath = "../BlueOwl/SampleData.xcappdata">
            </DeviceAppData>
         </TestableReference>
         <TestableReference
            skipped = "NO">
            <BuildableReference
               BuildableIdentifier = "primary"
               BlueprintIdentifier = "4BAFF282215D4B0F003B0726"
               BuildableName = "UITests.xctest"
               BlueprintName = "UITests"
               ReferencedContainer = "container:BlueOwl.xcodeproj">
            </BuildableReference>
            <DeviceAppData
               resolvedPath = "../BlueOwl/SampleData.xcappdata">
            </DeviceAppData>
         </TestableReference>
      </Testables>
      <MacroExpansion>
         <BuildableReference
            BuildableIdentifier = "primary"
            BlueprintIdentifier = "4BAFF263215D4B0E003B0726"
            BuildableName = "BlueOwl.app"
            BlueprintName = "BlueOwl"
            ReferencedContainer = "container:BlueOwl.xcodeproj">
         </BuildableReference>
      </MacroExpansion>
      <AdditionalOptions>
      </AdditionalOptions>
   </TestAction>
   <LaunchAction
      buildConfiguration = "Debug"
      selectedDebuggerIdentifier = "Xcode.DebuggerFoundation.Debugger.LLDB"
      selectedLauncherIdentifier = "Xcode.DebuggerFoundation.Launcher.LLDB"
      launchStyle = "0"
      useCustomWorkingDirectory = "NO"
      ignoresPersistentStateOnLaunch = "NO"
      debugDocumentVersioning = "YES"
      debugServiceExtension = "internal"
      allowLocationSimulation = "YES">
      <BuildableProductRunnable
         runnableDebuggingMode = "0">
         <BuildableReference
            BuildableIdentifier = "primary"
            BlueprintIdentifier = "4BAFF263215D4B0E003B0726"
            BuildableName = "BlueOwl.app"
            BlueprintName = "BlueOwl"
            ReferencedContainer = "container:BlueOwl.xcodeproj">
         </BuildableReference>
      </BuildableProductRunnable>
      <AdditionalOptions>
      </AdditionalOptions>
   </LaunchAction>
   <ProfileAction
      buildConfiguration = "Release"
      shouldUseLaunchSchemeArgsEnv = "YES"
      savedToolIdentifier = ""
      useCustomWorkingDirectory = "NO"
      debugDocumentVersioning = "YES">
      <BuildableProductRunnable
         runnableDebuggingMode = "0">
         <BuildableReference
            BuildableIdentifier = "primary"
            BlueprintIdentifier = "4BAFF263215D4B0E003B0726"
            BuildableName = "BlueOwl.app"
            BlueprintName = "BlueOwl"
            ReferencedContainer = "container:BlueOwl.xcodeproj">
         </BuildableReference>
      </BuildableProductRunnable>
   </ProfileAction>
   <AnalyzeAction
      buildConfiguration = "Debug">
   </AnalyzeAction>
   <ArchiveAction
      buildConfiguration = "Release"
      revealArchiveInOrganizer = "YES">
   </ArchiveAction>
</Scheme>
